{
  "requires": true,
  "lockfileVersion": 1,
  "dependencies": {
    "mdbootstrap": {
      "version": "4.9.0",
      "resolved": "https://registry.npmjs.org/mdbootstrap/-/mdbootstrap-4.9.0.tgz",
      "integrity": "sha512-6R3j5D9Qmp+Aa90FblOVAwVDSqpAICYW2dpNxh6uaVB9E9MCaBLdaTKLrXCB7xznReHEaA57pNABXgFoi2z7Rg=="
    }
  }
}
